
Microsoft Visual Studio Solution File, Format Version 12.00
# Visual Studio Version 17
VisualStudioVersion = 17.3.32929.385
MinimumVisualStudioVersion = 10.0.40219.1
Project("{C7167F0D-BC9F-4E6E-AFE1-012C56B48DB5}") = "MiApp.Package", "MiApp.Package\MiApp.Package.wapproj", "{E3A6CFF6-1B32-412E-9E33-18F79BD36990}"
EndProject
Project("{8BC9CEB8-8B4A-11D0-8D11-00A0C91BC942}") = "MiApp", "MiApp\MiApp.vcxproj", "{B01C827E-D9C2-4D48-A763-D9FE9C461882}"
EndProject
Global
	GlobalSection(SolutionConfigurationPlatforms) = preSolution
		Debug|x64 = Debug|x64
		Debug|x86 = Debug|x86
		Debug|ARM64 = Debug|ARM64
		Release|x64 = Release|x64
		Release|x86 = Release|x86
		Release|ARM64 = Release|ARM64
	EndGlobalSection
	GlobalSection(ProjectConfigurationPlatforms) = postSolution
		{E3A6CFF6-1B32-412E-9E33-18F79BD36990}.Debug|x64.ActiveCfg = Debug|x64
		{E3A6CFF6-1B32-412E-9E33-18F79BD36990}.Debug|x64.Build.0 = Debug|x64
		{E3A6CFF6-1B32-412E-9E33-18F79BD36990}.Debug|x64.Deploy.0 = Debug|x64
		{E3A6CFF6-1B32-412E-9E33-18F79BD36990}.Debug|x86.ActiveCfg = Debug|x86
		{E3A6CFF6-1B32-412E-9E33-18F79BD36990}.Debug|x86.Build.0 = Debug|x86
		{E3A6CFF6-1B32-412E-9E33-18F79BD36990}.Debug|x86.Deploy.0 = Debug|x86
		{E3A6CFF6-1B32-412E-9E33-18F79BD36990}.Debug|ARM64.ActiveCfg = Debug|ARM64
		{E3A6CFF6-1B32-412E-9E33-18F79BD36990}.Debug|ARM64.Build.0 = Debug|ARM64
		{E3A6CFF6-1B32-412E-9E33-18F79BD36990}.Debug|ARM64.Deploy.0 = Debug|ARM64
		{E3A6CFF6-1B32-412E-9E33-18F79BD36990}.Release|x64.ActiveCfg = Release|x64
		{E3A6CFF6-1B32-412E-9E33-18F79BD36990}.Release|x64.Build.0 = Release|x64
		{E3A6CFF6-1B32-412E-9E33-18F79BD36990}.Release|x64.Deploy.0 = Release|x64
		{E3A6CFF6-1B32-412E-9E33-18F79BD36990}.Release|x86.ActiveCfg = Release|x86
		{E3A6CFF6-1B32-412E-9E33-18F79BD36990}.Release|x86.Build.0 = Release|x86
		{E3A6CFF6-1B32-412E-9E33-18F79BD36990}.Release|x86.Deploy.0 = Release|x86
		{E3A6CFF6-1B32-412E-9E33-18F79BD36990}.Release|ARM64.ActiveCfg = Release|ARM64
		{E3A6CFF6-1B32-412E-9E33-18F79BD36990}.Release|ARM64.Build.0 = Release|ARM64
		{E3A6CFF6-1B32-412E-9E33-18F79BD36990}.Release|ARM64.Deploy.0 = Release|ARM64
		{B01C827E-D9C2-4D48-A763-D9FE9C461882}.Debug|x64.ActiveCfg = Debug|x64
		{B01C827E-D9C2-4D48-A763-D9FE9C461882}.Debug|x64.Build.0 = Debug|x64
		{B01C827E-D9C2-4D48-A763-D9FE9C461882}.Debug|x64.Deploy.0 = Debug|x64
		{B01C827E-D9C2-4D48-A763-D9FE9C461882}.Debug|x86.ActiveCfg = Debug|Win32
		{B01C827E-D9C2-4D48-A763-D9FE9C461882}.Debug|x86.Build.0 = Debug|Win32
		{B01C827E-D9C2-4D48-A763-D9FE9C461882}.Debug|x86.Deploy.0 = Debug|Win32
		{B01C827E-D9C2-4D48-A763-D9FE9C461882}.Debug|ARM64.ActiveCfg = Debug|ARM64
		{B01C827E-D9C2-4D48-A763-D9FE9C461882}.Debug|ARM64.Build.0 = Debug|ARM64
		{B01C827E-D9C2-4D48-A763-D9FE9C461882}.Debug|ARM64.Deploy.0 = Debug|ARM64
		{B01C827E-D9C2-4D48-A763-D9FE9C461882}.Release|x64.ActiveCfg = Release|x64
		{B01C827E-D9C2-4D48-A763-D9FE9C461882}.Release|x64.Build.0 = Release|x64
		{B01C827E-D9C2-4D48-A763-D9FE9C461882}.Release|x64.Deploy.0 = Release|x64
		{B01C827E-D9C2-4D48-A763-D9FE9C461882}.Release|x86.ActiveCfg = Release|Win32
		{B01C827E-D9C2-4D48-A763-D9FE9C461882}.Release|x86.Build.0 = Release|Win32
		{B01C827E-D9C2-4D48-A763-D9FE9C461882}.Release|x86.Deploy.0 = Release|Win32
		{B01C827E-D9C2-4D48-A763-D9FE9C461882}.Release|ARM64.ActiveCfg = Release|ARM64
		{B01C827E-D9C2-4D48-A763-D9FE9C461882}.Release|ARM64.Build.0 = Release|ARM64
		{B01C827E-D9C2-4D48-A763-D9FE9C461882}.Release|ARM64.Deploy.0 = Release|ARM64
	EndGlobalSection
	GlobalSection(SolutionProperties) = preSolution
		HideSolutionNode = FALSE
	EndGlobalSection
	GlobalSection(ExtensibilityGlobals) = postSolution
		SolutionGuid = {D43FAD39-F619-437D-BB40-04A3982ACB6A}
	EndGlobalSection
EndGlobal
